{
  "requires": true,
  "lockfileVersion": 1,
  "dependencies": {
    "jquery-touchswipe": {
      "version": "1.6.18",
      "resolved": "https://registry.npmjs.org/jquery-touchswipe/-/jquery-touchswipe-1.6.18.tgz",
      "integrity": "sha512-5CuJvsJ2R85/K9rTkOXfxCWZvtXEaRIziG/cvlgTLvGywxS6f3MnbMQANei+WG1BK4N5xnT8a6oL3HoKIoMBvA=="
    }
  }
}
